
Microsoft Visual Studio Solution File, Format Version 12.00
# Visual Studio 2013
VisualStudioVersion = 12.0.21005.1
MinimumVisualStudioVersion = 10.0.40219.1
Project("{FAE04EC0-301F-11D3-BF4B-00C04F79EFBC}") = "QuanLyBenhNhan", "QuanLyBenhNhan\QuanLyBenhNhan.csproj", "{B382D5F5-0A99-49CB-9721-92E4E73A687F}"
EndProject
Project("{FAE04EC0-301F-11D3-BF4B-00C04F79EFBC}") = "DTO", "DTO\DTO.csproj", "{BA564C7F-F686-40CA-89B5-40AA6C385972}"
EndProject
Project("{FAE04EC0-301F-11D3-BF4B-00C04F79EFBC}") = "DAO", "DAO\DAO.csproj", "{BF16D5C5-CF5E-45D5-97BD-7E58A51BCDD4}"
EndProject
Project("{FAE04EC0-301F-11D3-BF4B-00C04F79EFBC}") = "BUS", "BUS\BUS.csproj", "{36D6C165-2BBD-40B3-9535-EEDF9C05A862}"
EndProject
Global
	GlobalSection(SolutionConfigurationPlatforms) = preSolution
		Debug|Any CPU = Debug|Any CPU
		Release|Any CPU = Release|Any CPU
	EndGlobalSection
	GlobalSection(ProjectConfigurationPlatforms) = postSolution
		{B382D5F5-0A99-49CB-9721-92E4E73A687F}.Debug|Any CPU.ActiveCfg = Debug|Any CPU
		{B382D5F5-0A99-49CB-9721-92E4E73A687F}.Debug|Any CPU.Build.0 = Debug|Any CPU
		{B382D5F5-0A99-49CB-9721-92E4E73A687F}.Release|Any CPU.ActiveCfg = Release|Any CPU
		{B382D5F5-0A99-49CB-9721-92E4E73A687F}.Release|Any CPU.Build.0 = Release|Any CPU
		{BA564C7F-F686-40CA-89B5-40AA6C385972}.Debug|Any CPU.ActiveCfg = Debug|Any CPU
		{BA564C7F-F686-40CA-89B5-40AA6C385972}.Debug|Any CPU.Build.0 = Debug|Any CPU
		{BA564C7F-F686-40CA-89B5-40AA6C385972}.Release|Any CPU.ActiveCfg = Release|Any CPU
		{BA564C7F-F686-40CA-89B5-40AA6C385972}.Release|Any CPU.Build.0 = Release|Any CPU
		{BF16D5C5-CF5E-45D5-97BD-7E58A51BCDD4}.Debug|Any CPU.ActiveCfg = Debug|Any CPU
		{BF16D5C5-CF5E-45D5-97BD-7E58A51BCDD4}.Debug|Any CPU.Build.0 = Debug|Any CPU
		{BF16D5C5-CF5E-45D5-97BD-7E58A51BCDD4}.Release|Any CPU.ActiveCfg = Release|Any CPU
		{BF16D5C5-CF5E-45D5-97BD-7E58A51BCDD4}.Release|Any CPU.Build.0 = Release|Any CPU
		{36D6C165-2BBD-40B3-9535-EEDF9C05A862}.Debug|Any CPU.ActiveCfg = Debug|Any CPU
		{36D6C165-2BBD-40B3-9535-EEDF9C05A862}.Debug|Any CPU.Build.0 = Debug|Any CPU
		{36D6C165-2BBD-40B3-9535-EEDF9C05A862}.Release|Any CPU.ActiveCfg = Release|Any CPU
		{36D6C165-2BBD-40B3-9535-EEDF9C05A862}.Release|Any CPU.Build.0 = Release|Any CPU
	EndGlobalSection
	GlobalSection(SolutionProperties) = preSolution
		HideSolutionNode = FALSE
	EndGlobalSection
EndGlobal
